
Microsoft Visual Studio Solution File, Format Version 12.00
# Visual Studio Version 16
VisualStudioVersion = 16.0.30517.126
MinimumVisualStudioVersion = 10.0.40219.1
Project("{FAE04EC0-301F-11D3-BF4B-00C04F79EFBC}") = "AssignmentThree_N01458977", "AssignmentThree_N01458977\AssignmentThree_N01458977.csproj", "{3E8E413A-0024-4D90-897A-0562C5BBE33D}"
EndProject
Global
	GlobalSection(SolutionConfigurationPlatforms) = preSolution
		Debug|Any CPU = Debug|Any CPU
		Release|Any CPU = Release|Any CPU
	EndGlobalSection
	GlobalSection(ProjectConfigurationPlatforms) = postSolution
		{3E8E413A-0024-4D90-897A-0562C5BBE33D}.Debug|Any CPU.ActiveCfg = Debug|Any CPU
		{3E8E413A-0024-4D90-897A-0562C5BBE33D}.Debug|Any CPU.Build.0 = Debug|Any CPU
		{3E8E413A-0024-4D90-897A-0562C5BBE33D}.Release|Any CPU.ActiveCfg = Release|Any CPU
		{3E8E413A-0024-4D90-897A-0562C5BBE33D}.Release|Any CPU.Build.0 = Release|Any CPU
	EndGlobalSection
	GlobalSection(SolutionProperties) = preSolution
		HideSolutionNode = FALSE
	EndGlobalSection
	GlobalSection(ExtensibilityGlobals) = postSolution
		SolutionGuid = {F8B5F4BD-BE05-404F-9C7F-28EDA840FFA4}
	EndGlobalSection
EndGlobal
